<?xml version="1.0" encoding="utf-8"?>
<Project ToolsVersion="4.0" xmlns="http://schemas.microsoft.com/developer/msbuild/2003">
  <ItemGroup>
    <Natvis Include="../utils/natvis/unigine_stl.natvis" />
  </ItemGroup>
  <ItemGroup>
    <ClCompile Include="AppEditorLogic.cpp">
      <Filter>Source</Filter>
    </ClCompile>
    <ClCompile Include="AppSystemLogic.cpp">
      <Filter>Source</Filter>
    </ClCompile>
    <ClCompile Include="main.cpp">
      <Filter>Source</Filter>
    </ClCompile>
    <ClCompile Include="AppWorldLogic.cpp">
      <Filter>Source</Filter>
    </ClCompile>
    <ClCompile Include="GUI\MainGUI.cpp">
      <Filter>GUI\Source</Filter>
    </ClCompile>
    <ClCompile Include="PointCloud\PointCloudContainer.cpp">
      <Filter>PointCloud\Source</Filter>
    </ClCompile>
  </ItemGroup>
  <ItemGroup>
    <ClInclude Include="AppWorldLogic.h">
      <Filter>Include</Filter>
    </ClInclude>
    <ClInclude Include="AppEditorLogic.h">
      <Filter>Include</Filter>
    </ClInclude>
    <ClInclude Include="AppSystemLogic.h">
      <Filter>Include</Filter>
    </ClInclude>
    <ClInclude Include="GUI\MainGUI.h">
      <Filter>GUI\Include</Filter>
    </ClInclude>
    <ClInclude Include="PointCloud\PointCloudContainer.h">
      <Filter>PointCloud\Include</Filter>
    </ClInclude>
  </ItemGroup>
  <ItemGroup>
    <Filter Include="Include">
      <UniqueIdentifier>{073c5443-08f1-481a-90be-6e6e1872186b}</UniqueIdentifier>
    </Filter>
    <Filter Include="Source">
      <UniqueIdentifier>{fb11e897-3ee6-4d39-b123-dd0cc26edf76}</UniqueIdentifier>
    </Filter>
    <Filter Include="GUI">
      <UniqueIdentifier>{d6e27d21-acd7-49b2-8280-08436ec36181}</UniqueIdentifier>
    </Filter>
    <Filter Include="GUI\Include">
      <UniqueIdentifier>{6e0a2042-280a-4e07-8ab3-f640d2c57d88}</UniqueIdentifier>
    </Filter>
    <Filter Include="GUI\Source">
      <UniqueIdentifier>{011d9de4-5366-40b3-b364-996068ef3398}</UniqueIdentifier>
    </Filter>
    <Filter Include="PointCloud">
      <UniqueIdentifier>{172d23dd-efec-4439-ae9e-39496ff75ce4}</UniqueIdentifier>
    </Filter>
    <Filter Include="PointCloud\Include">
      <UniqueIdentifier>{c5964fd8-37d5-43e7-9dea-5392e5a262bf}</UniqueIdentifier>
    </Filter>
    <Filter Include="PointCloud\Source">
      <UniqueIdentifier>{907d14e5-dbe5-4afd-bf72-a9a49c01cc70}</UniqueIdentifier>
    </Filter>
  </ItemGroup>
</Project>